
Microsoft Visual Studio Solution File, Format Version 12.00
# Visual Studio Version 17
VisualStudioVersion = 17.4.33213.308
MinimumVisualStudioVersion = 10.0.40219.1
Project("{2150E333-8FDC-42A3-9474-1A3956D46DE8}") = "Aplication", "Aplication", "{F7FC8AA5-52CF-4782-B69D-386E9C33AABF}"
EndProject
Project("{2150E333-8FDC-42A3-9474-1A3956D46DE8}") = "Domain", "Domain", "{1A4C6053-76BC-4890-A8F6-D5E3C27AB9DA}"
EndProject
Project("{2150E333-8FDC-42A3-9474-1A3956D46DE8}") = "Infrastructure", "Infrastructure", "{466A007D-089F-45B7-9A22-53846AE9F511}"
EndProject
Project("{2150E333-8FDC-42A3-9474-1A3956D46DE8}") = "Presentation", "Presentation", "{664B9F48-0E80-4E03-90B1-3AAB00EB6A4E}"
EndProject
Project("{9A19103F-16F7-4668-BE54-9A1E7A4F7556}") = "Aplication", "Aplication\Aplication.csproj", "{E73A7D98-0C6C-4D6A-A580-02C2357CA25C}"
EndProject
Project("{9A19103F-16F7-4668-BE54-9A1E7A4F7556}") = "Domain", "Domain\Domain.csproj", "{582C8392-F2DD-4608-A8DA-310A3BB8E35E}"
EndProject
Project("{9A19103F-16F7-4668-BE54-9A1E7A4F7556}") = "Data", "Infrastructure\Data.csproj", "{066695FB-607A-416F-8B7A-5B61CAFB56ED}"
EndProject
Project("{2150E333-8FDC-42A3-9474-1A3956D46DE8}") = "Data", "Data", "{435AFF8D-5C74-4623-8CA3-AC7015D76275}"
EndProject
Project("{2150E333-8FDC-42A3-9474-1A3956D46DE8}") = "IoC", "IoC", "{DEE4D937-E877-499C-AF10-4F70AD7CCAB3}"
EndProject
Project("{9A19103F-16F7-4668-BE54-9A1E7A4F7556}") = "IoC", "IoC\IoC.csproj", "{3F1073DB-3D26-4CF3-B942-A6D7A4413B16}"
EndProject
Project("{9A19103F-16F7-4668-BE54-9A1E7A4F7556}") = "PresentationMVC", "PresentationMVC\PresentationMVC.csproj", "{6C499A18-0D6D-45BC-B422-3EF368DF5ACC}"
EndProject
Global
	GlobalSection(SolutionConfigurationPlatforms) = preSolution
		Debug|Any CPU = Debug|Any CPU
		Release|Any CPU = Release|Any CPU
	EndGlobalSection
	GlobalSection(ProjectConfigurationPlatforms) = postSolution
		{E73A7D98-0C6C-4D6A-A580-02C2357CA25C}.Debug|Any CPU.ActiveCfg = Debug|Any CPU
		{E73A7D98-0C6C-4D6A-A580-02C2357CA25C}.Debug|Any CPU.Build.0 = Debug|Any CPU
		{E73A7D98-0C6C-4D6A-A580-02C2357CA25C}.Release|Any CPU.ActiveCfg = Release|Any CPU
		{E73A7D98-0C6C-4D6A-A580-02C2357CA25C}.Release|Any CPU.Build.0 = Release|Any CPU
		{582C8392-F2DD-4608-A8DA-310A3BB8E35E}.Debug|Any CPU.ActiveCfg = Debug|Any CPU
		{582C8392-F2DD-4608-A8DA-310A3BB8E35E}.Debug|Any CPU.Build.0 = Debug|Any CPU
		{582C8392-F2DD-4608-A8DA-310A3BB8E35E}.Release|Any CPU.ActiveCfg = Release|Any CPU
		{582C8392-F2DD-4608-A8DA-310A3BB8E35E}.Release|Any CPU.Build.0 = Release|Any CPU
		{066695FB-607A-416F-8B7A-5B61CAFB56ED}.Debug|Any CPU.ActiveCfg = Debug|Any CPU
		{066695FB-607A-416F-8B7A-5B61CAFB56ED}.Debug|Any CPU.Build.0 = Debug|Any CPU
		{066695FB-607A-416F-8B7A-5B61CAFB56ED}.Release|Any CPU.ActiveCfg = Release|Any CPU
		{066695FB-607A-416F-8B7A-5B61CAFB56ED}.Release|Any CPU.Build.0 = Release|Any CPU
		{3F1073DB-3D26-4CF3-B942-A6D7A4413B16}.Debug|Any CPU.ActiveCfg = Debug|Any CPU
		{3F1073DB-3D26-4CF3-B942-A6D7A4413B16}.Debug|Any CPU.Build.0 = Debug|Any CPU
		{3F1073DB-3D26-4CF3-B942-A6D7A4413B16}.Release|Any CPU.ActiveCfg = Release|Any CPU
		{3F1073DB-3D26-4CF3-B942-A6D7A4413B16}.Release|Any CPU.Build.0 = Release|Any CPU
		{6C499A18-0D6D-45BC-B422-3EF368DF5ACC}.Debug|Any CPU.ActiveCfg = Debug|Any CPU
		{6C499A18-0D6D-45BC-B422-3EF368DF5ACC}.Debug|Any CPU.Build.0 = Debug|Any CPU
		{6C499A18-0D6D-45BC-B422-3EF368DF5ACC}.Release|Any CPU.ActiveCfg = Release|Any CPU
		{6C499A18-0D6D-45BC-B422-3EF368DF5ACC}.Release|Any CPU.Build.0 = Release|Any CPU
	EndGlobalSection
	GlobalSection(SolutionProperties) = preSolution
		HideSolutionNode = FALSE
	EndGlobalSection
	GlobalSection(NestedProjects) = preSolution
		{E73A7D98-0C6C-4D6A-A580-02C2357CA25C} = {F7FC8AA5-52CF-4782-B69D-386E9C33AABF}
		{582C8392-F2DD-4608-A8DA-310A3BB8E35E} = {1A4C6053-76BC-4890-A8F6-D5E3C27AB9DA}
		{066695FB-607A-416F-8B7A-5B61CAFB56ED} = {435AFF8D-5C74-4623-8CA3-AC7015D76275}
		{435AFF8D-5C74-4623-8CA3-AC7015D76275} = {466A007D-089F-45B7-9A22-53846AE9F511}
		{DEE4D937-E877-499C-AF10-4F70AD7CCAB3} = {466A007D-089F-45B7-9A22-53846AE9F511}
		{3F1073DB-3D26-4CF3-B942-A6D7A4413B16} = {DEE4D937-E877-499C-AF10-4F70AD7CCAB3}
		{6C499A18-0D6D-45BC-B422-3EF368DF5ACC} = {664B9F48-0E80-4E03-90B1-3AAB00EB6A4E}
	EndGlobalSection
	GlobalSection(ExtensibilityGlobals) = postSolution
		SolutionGuid = {875F7C49-2710-4004-871F-7CEEC6D0999F}
	EndGlobalSection
EndGlobal
